// !$*UTF8*$!
{
	archiveVersion = 1;
	classes = {
	};
	objectVersion = 48;
	objects = {

/* Begin PBXBuildFile section */
		D350D425B375B53389E4ADEA /* Pods_SwiftQQ.framework in Frameworks */ = {isa = PBXBuildFile; fileRef = 0DECC76987C9D2E6DB8E306A /* Pods_SwiftQQ.framework */; };
		D8822D682037EE5000B2DA7B /* HoverImageView.swift in Sources */ = {isa = PBXBuildFile; fileRef = D8822D672037EE5000B2DA7B /* HoverImageView.swift */; };
		D8822D6A20380EFE00B2DA7B /* HoverButton.swift in Sources */ = {isa = PBXBuildFile; fileRef = D8822D6920380EFE00B2DA7B /* HoverButton.swift */; };
		D8A835042036D80A0074DB72 /* LoginWindowController.swift in Sources */ = {isa = PBXBuildFile; fileRef = D8A835032036D80A0074DB72 /* LoginWindowController.swift */; };
		D8A835062036D8270074DB72 /* LoginViewController.swift in Sources */ = {isa = PBXBuildFile; fileRef = D8A835052036D8270074DB72 /* LoginViewController.swift */; };
		D8A835082036E7440074DB72 /* BGImageView.swift in Sources */ = {isa = PBXBuildFile; fileRef = D8A835072036E7440074DB72 /* BGImageView.swift */; };
		D8A8350A2036F0880074DB72 /* LoginWindow.swift in Sources */ = {isa = PBXBuildFile; fileRef = D8A835092036F0880074DB72 /* LoginWindow.swift */; };
		D8A8350C2036F6D10074DB72 /* HeadImageView.swift in Sources */ = {isa = PBXBuildFile; fileRef = D8A8350B2036F6D10074DB72 /* HeadImageView.swift */; };
		D8AF63B120399E0500C01956 /* message.storyboard in Resources */ = {isa = PBXBuildFile; fileRef = D8AF63B020399E0500C01956 /* message.storyboard */; };
		D8AF63B320399E3900C01956 /* MessageViewController.swift in Sources */ = {isa = PBXBuildFile; fileRef = D8AF63B220399E3900C01956 /* MessageViewController.swift */; };
		D8AF63B520399E6A00C01956 /* ContactViewController.swift in Sources */ = {isa = PBXBuildFile; fileRef = D8AF63B420399E6A00C01956 /* ContactViewController.swift */; };
		D8AF63B720399E7900C01956 /* contact.storyboard in Resources */ = {isa = PBXBuildFile; fileRef = D8AF63B620399E7900C01956 /* contact.storyboard */; };
		D8AF63B920399E9500C01956 /* more.storyboard in Resources */ = {isa = PBXBuildFile; fileRef = D8AF63B820399E9500C01956 /* more.storyboard */; };
		D8AF63BB20399EA700C01956 /* MoreViewController.swift in Sources */ = {isa = PBXBuildFile; fileRef = D8AF63BA20399EA700C01956 /* MoreViewController.swift */; };
		D8B00B0620353C9D005F53AD /* AppDelegate.swift in Sources */ = {isa = PBXBuildFile; fileRef = D8B00B0520353C9D005F53AD /* AppDelegate.swift */; };
		D8B00B0820353C9D005F53AD /* ViewController.swift in Sources */ = {isa = PBXBuildFile; fileRef = D8B00B0720353C9D005F53AD /* ViewController.swift */; };
		D8B00B0A20353C9D005F53AD /* Assets.xcassets in Resources */ = {isa = PBXBuildFile; fileRef = D8B00B0920353C9D005F53AD /* Assets.xcassets */; };
		D8B00B0D20353C9D005F53AD /* Main.storyboard in Resources */ = {isa = PBXBuildFile; fileRef = D8B00B0B20353C9D005F53AD /* Main.storyboard */; };
		D8B00B1820355E47005F53AD /* LoginOKSound.mp3 in Resources */ = {isa = PBXBuildFile; fileRef = D8B00B1620355E47005F53AD /* LoginOKSound.mp3 */; };
		D8B00B1920355E47005F53AD /* SettingViewSound.wav in Resources */ = {isa = PBXBuildFile; fileRef = D8B00B1720355E47005F53AD /* SettingViewSound.wav */; };
		D8DC66D7203867CF00F8335A /* Home.storyboard in Resources */ = {isa = PBXBuildFile; fileRef = D8DC66D6203867CF00F8335A /* Home.storyboard */; };
		D8DC66D92038682B00F8335A /* HomeViewController.swift in Sources */ = {isa = PBXBuildFile; fileRef = D8DC66D82038682B00F8335A /* HomeViewController.swift */; };
		D8DC66DB2038683D00F8335A /* HomeWindowController.swift in Sources */ = {isa = PBXBuildFile; fileRef = D8DC66DA2038683D00F8335A /* HomeWindowController.swift */; };
/* End PBXBuildFile section */

/* Begin PBXFileReference section */
		0DECC76987C9D2E6DB8E306A /* Pods_SwiftQQ.framework */ = {isa = PBXFileReference; explicitFileType = wrapper.framework; includeInIndex = 0; path = Pods_SwiftQQ.framework; sourceTree = BUILT_PRODUCTS_DIR; };
		A488EF08E26BC070F364F0E0 /* Pods-SwiftQQ.release.xcconfig */ = {isa = PBXFileReference; includeInIndex = 1; lastKnownFileType = text.xcconfig; name = "Pods-SwiftQQ.release.xcconfig"; path = "Pods/Target Support Files/Pods-SwiftQQ/Pods-SwiftQQ.release.xcconfig"; sourceTree = "<group>"; };
		D8822D672037EE5000B2DA7B /* HoverImageView.swift */ = {isa = PBXFileReference; lastKnownFileType = sourcecode.swift; path = HoverImageView.swift; sourceTree = "<group>"; };
		D8822D6920380EFE00B2DA7B /* HoverButton.swift */ = {isa = PBXFileReference; lastKnownFileType = sourcecode.swift; path = HoverButton.swift; sourceTree = "<group>"; };
		D8A835032036D80A0074DB72 /* LoginWindowController.swift */ = {isa = PBXFileReference; lastKnownFileType = sourcecode.swift; path = LoginWindowController.swift; sourceTree = "<group>"; };
		D8A835052036D8270074DB72 /* LoginViewController.swift */ = {isa = PBXFileReference; lastKnownFileType = sourcecode.swift; path = LoginViewController.swift; sourceTree = "<group>"; };
		D8A835072036E7440074DB72 /* BGImageView.swift */ = {isa = PBXFileReference; lastKnownFileType = sourcecode.swift; path = BGImageView.swift; sourceTree = "<group>"; };
		D8A835092036F0880074DB72 /* LoginWindow.swift */ = {isa = PBXFileReference; lastKnownFileType = sourcecode.swift; path = LoginWindow.swift; sourceTree = "<group>"; };
		D8A8350B2036F6D10074DB72 /* HeadImageView.swift */ = {isa = PBXFileReference; lastKnownFileType = sourcecode.swift; path = HeadImageView.swift; sourceTree = "<group>"; };
		D8AF63B020399E0500C01956 /* message.storyboard */ = {isa = PBXFileReference; lastKnownFileType = file.storyboard; path = message.storyboard; sourceTree = "<group>"; };
		D8AF63B220399E3900C01956 /* MessageViewController.swift */ = {isa = PBXFileReference; lastKnownFileType = sourcecode.swift; path = MessageViewController.swift; sourceTree = "<group>"; };
		D8AF63B420399E6A00C01956 /* ContactViewController.swift */ = {isa = PBXFileReference; lastKnownFileType = sourcecode.swift; path = ContactViewController.swift; sourceTree = "<group>"; };
		D8AF63B620399E7900C01956 /* contact.storyboard */ = {isa = PBXFileReference; lastKnownFileType = file.storyboard; path = contact.storyboard; sourceTree = "<group>"; };
		D8AF63B820399E9500C01956 /* more.storyboard */ = {isa = PBXFileReference; lastKnownFileType = file.storyboard; path = more.storyboard; sourceTree = "<group>"; };
		D8AF63BA20399EA700C01956 /* MoreViewController.swift */ = {isa = PBXFileReference; lastKnownFileType = sourcecode.swift; path = MoreViewController.swift; sourceTree = "<group>"; };
		D8B00B0220353C9D005F53AD /* SwiftQQ.app */ = {isa = PBXFileReference; explicitFileType = wrapper.application; includeInIndex = 0; path = SwiftQQ.app; sourceTree = BUILT_PRODUCTS_DIR; };
		D8B00B0520353C9D005F53AD /* AppDelegate.swift */ = {isa = PBXFileReference; lastKnownFileType = sourcecode.swift; path = AppDelegate.swift; sourceTree = "<group>"; };
		D8B00B0720353C9D005F53AD /* ViewController.swift */ = {isa = PBXFileReference; lastKnownFileType = sourcecode.swift; path = ViewController.swift; sourceTree = "<group>"; };
		D8B00B0920353C9D005F53AD /* Assets.xcassets */ = {isa = PBXFileReference; lastKnownFileType = folder.assetcatalog; path = Assets.xcassets; sourceTree = "<group>"; };
		D8B00B0C20353C9D005F53AD /* Base */ = {isa = PBXFileReference; lastKnownFileType = file.storyboard; name = Base; path = Base.lproj/Main.storyboard; sourceTree = "<group>"; };
		D8B00B0E20353C9D005F53AD /* Info.plist */ = {isa = PBXFileReference; lastKnownFileType = text.plist.xml; path = Info.plist; sourceTree = "<group>"; };
		D8B00B0F20353C9D005F53AD /* SwiftQQ.entitlements */ = {isa = PBXFileReference; lastKnownFileType = text.plist.entitlements; path = SwiftQQ.entitlements; sourceTree = "<group>"; };
		D8B00B1620355E47005F53AD /* LoginOKSound.mp3 */ = {isa = PBXFileReference; lastKnownFileType = audio.mp3; path = LoginOKSound.mp3; sourceTree = "<group>"; };
		D8B00B1720355E47005F53AD /* SettingViewSound.wav */ = {isa = PBXFileReference; lastKnownFileType = audio.wav; path = SettingViewSound.wav; sourceTree = "<group>"; };
		D8DC66D6203867CF00F8335A /* Home.storyboard */ = {isa = PBXFileReference; lastKnownFileType = file.storyboard; path = Home.storyboard; sourceTree = "<group>"; };
		D8DC66D82038682B00F8335A /* HomeViewController.swift */ = {isa = PBXFileReference; lastKnownFileType = sourcecode.swift; path = HomeViewController.swift; sourceTree = "<group>"; };
		D8DC66DA2038683D00F8335A /* HomeWindowController.swift */ = {isa = PBXFileReference; lastKnownFileType = sourcecode.swift; path = HomeWindowController.swift; sourceTree = "<group>"; };
		E962D5783B63F821CE9A1168 /* Pods-SwiftQQ.debug.xcconfig */ = {isa = PBXFileReference; includeInIndex = 1; lastKnownFileType = text.xcconfig; name = "Pods-SwiftQQ.debug.xcconfig"; path = "Pods/Target Support Files/Pods-SwiftQQ/Pods-SwiftQQ.debug.xcconfig"; sourceTree = "<group>"; };
/* End PBXFileReference section */

/* Begin PBXFrameworksBuildPhase section */
		D8B00AFF20353C9D005F53AD /* Frameworks */ = {
			isa = PBXFrameworksBuildPhase;
			buildActionMask = 2147483647;
			files = (
				D350D425B375B53389E4ADEA /* Pods_SwiftQQ.framework in Frameworks */,
			);
			runOnlyForDeploymentPostprocessing = 0;
		};
/* End PBXFrameworksBuildPhase section */

/* Begin PBXGroup section */
		AB7CA6964FFF8382DCE85044 /* Frameworks */ = {
			isa = PBXGroup;
			children = (
				0DECC76987C9D2E6DB8E306A /* Pods_SwiftQQ.framework */,
			);
			name = Frameworks;
			sourceTree = "<group>";
		};
		D8822D6B2038118F00B2DA7B /* Catagory */ = {
			isa = PBXGroup;
			children = (
			);
			path = Catagory;
			sourceTree = "<group>";
		};
		D8A835002036D7B50074DB72 /* Login */ = {
			isa = PBXGroup;
			children = (
				D8A835032036D80A0074DB72 /* LoginWindowController.swift */,
				D8A835092036F0880074DB72 /* LoginWindow.swift */,
				D8A835052036D8270074DB72 /* LoginViewController.swift */,
				D8A835072036E7440074DB72 /* BGImageView.swift */,
				D8A8350B2036F6D10074DB72 /* HeadImageView.swift */,
				D8822D672037EE5000B2DA7B /* HoverImageView.swift */,
				D8822D6920380EFE00B2DA7B /* HoverButton.swift */,
			);
			path = Login;
			sourceTree = "<group>";
		};
		D8AF63AD20399DD700C01956 /* Message */ = {
			isa = PBXGroup;
			children = (
				D8AF63B020399E0500C01956 /* message.storyboard */,
				D8AF63B220399E3900C01956 /* MessageViewController.swift */,
			);
			path = Message;
			sourceTree = "<group>";
		};
		D8AF63AE20399DE300C01956 /* Contact */ = {
			isa = PBXGroup;
			children = (
				D8AF63B420399E6A00C01956 /* ContactViewController.swift */,
				D8AF63B620399E7900C01956 /* contact.storyboard */,
			);
			path = Contact;
			sourceTree = "<group>";
		};
		D8AF63AF20399DEC00C01956 /* More */ = {
			isa = PBXGroup;
			children = (
				D8AF63B820399E9500C01956 /* more.storyboard */,
				D8AF63BA20399EA700C01956 /* MoreViewController.swift */,
			);
			path = More;
			sourceTree = "<group>";
		};
		D8B00AF920353C9D005F53AD = {
			isa = PBXGroup;
			children = (
				D8B00B0420353C9D005F53AD /* SwiftQQ */,
				D8B00B0320353C9D005F53AD /* Products */,
				F44ECFE606900EF94A01625F /* Pods */,
				AB7CA6964FFF8382DCE85044 /* Frameworks */,
			);
			sourceTree = "<group>";
		};
		D8B00B0320353C9D005F53AD /* Products */ = {
			isa = PBXGroup;
			children = (
				D8B00B0220353C9D005F53AD /* SwiftQQ.app */,
			);
			name = Products;
			sourceTree = "<group>";
		};
		D8B00B0420353C9D005F53AD /* SwiftQQ */ = {
			isa = PBXGroup;
			children = (
				D8AF63AF20399DEC00C01956 /* More */,
				D8AF63AE20399DE300C01956 /* Contact */,
				D8AF63AD20399DD700C01956 /* Message */,
				D8DC66D52038679B00F8335A /* Home */,
				D8822D6B2038118F00B2DA7B /* Catagory */,
				D8A835002036D7B50074DB72 /* Login */,
				D8B00B1520355E34005F53AD /* resource */,
				D8B00B0520353C9D005F53AD /* AppDelegate.swift */,
				D8B00B0720353C9D005F53AD /* ViewController.swift */,
				D8B00B0920353C9D005F53AD /* Assets.xcassets */,
				D8B00B0B20353C9D005F53AD /* Main.storyboard */,
				D8B00B0E20353C9D005F53AD /* Info.plist */,
				D8B00B0F20353C9D005F53AD /* SwiftQQ.entitlements */,
			);
			path = SwiftQQ;
			sourceTree = "<group>";
		};
		D8B00B1520355E34005F53AD /* resource */ = {
			isa = PBXGroup;
			children = (
				D8B00B1620355E47005F53AD /* LoginOKSound.mp3 */,
				D8B00B1720355E47005F53AD /* SettingViewSound.wav */,
			);
			path = resource;
			sourceTree = "<group>";
		};
		D8DC66D52038679B00F8335A /* Home */ = {
			isa = PBXGroup;
			children = (
				D8DC66D6203867CF00F8335A /* Home.storyboard */,
				D8DC66D82038682B00F8335A /* HomeViewController.swift */,
				D8DC66DA2038683D00F8335A /* HomeWindowController.swift */,
			);
			path = Home;
			sourceTree = "<group>";
		};
		F44ECFE606900EF94A01625F /* Pods */ = {
			isa = PBXGroup;
			children = (
				E962D5783B63F821CE9A1168 /* Pods-SwiftQQ.debug.xcconfig */,
				A488EF08E26BC070F364F0E0 /* Pods-SwiftQQ.release.xcconfig */,
			);
			name = Pods;
			sourceTree = "<group>";
		};
/* End PBXGroup section */

/* Begin PBXNativeTarget section */
		D8B00B0120353C9D005F53AD /* SwiftQQ */ = {
			isa = PBXNativeTarget;
			buildConfigurationList = D8B00B1220353C9D005F53AD /* Build configuration list for PBXNativeTarget "SwiftQQ" */;
			buildPhases = (
				02F4F51A5A2D305C49C5166C /* [CP] Check Pods Manifest.lock */,
				D8B00AFE20353C9D005F53AD /* Sources */,
				D8B00AFF20353C9D005F53AD /* Frameworks */,
				D8B00B0020353C9D005F53AD /* Resources */,
				B7FC4F0175B93F3D1267D8D2 /* [CP] Embed Pods Frameworks */,
				694F100AF63E157849E952D1 /* [CP] Copy Pods Resources */,
			);
			buildRules = (
			);
			dependencies = (
			);
			name = SwiftQQ;
			productName = SwiftQQ;
			productReference = D8B00B0220353C9D005F53AD /* SwiftQQ.app */;
			productType = "com.apple.product-type.application";
		};
/* End PBXNativeTarget section */

/* Begin PBXProject section */
		D8B00AFA20353C9D005F53AD /* Project object */ = {
			isa = PBXProject;
			attributes = {
				LastSwiftUpdateCheck = 0910;
				LastUpgradeCheck = 0910;
				TargetAttributes = {
					D8B00B0120353C9D005F53AD = {
						CreatedOnToolsVersion = 9.1;
						ProvisioningStyle = Automatic;
					};
				};
			};
			buildConfigurationList = D8B00AFD20353C9D005F53AD /* Build configuration list for PBXProject "SwiftQQ" */;
			compatibilityVersion = "Xcode 8.0";
			developmentRegion = en;
			hasScannedForEncodings = 0;
			knownRegions = (
				en,
				Base,
			);
			mainGroup = D8B00AF920353C9D005F53AD;
			productRefGroup = D8B00B0320353C9D005F53AD /* Products */;
			projectDirPath = "";
			projectRoot = "";
			targets = (
				D8B00B0120353C9D005F53AD /* SwiftQQ */,
			);
		};
/* End PBXProject section */

/* Begin PBXResourcesBuildPhase section */
		D8B00B0020353C9D005F53AD /* Resources */ = {
			isa = PBXResourcesBuildPhase;
			buildActionMask = 2147483647;
			files = (
				D8B00B0A20353C9D005F53AD /* Assets.xcassets in Resources */,
				D8AF63B920399E9500C01956 /* more.storyboard in Resources */,
				D8DC66D7203867CF00F8335A /* Home.storyboard in Resources */,
				D8B00B1820355E47005F53AD /* LoginOKSound.mp3 in Resources */,
				D8AF63B720399E7900C01956 /* contact.storyboard in Resources */,
				D8B00B1920355E47005F53AD /* SettingViewSound.wav in Resources */,
				D8AF63B120399E0500C01956 /* message.storyboard in Resources */,
				D8B00B0D20353C9D005F53AD /* Main.storyboard in Resources */,
			);
			runOnlyForDeploymentPostprocessing = 0;
		};
/* End PBXResourcesBuildPhase section */

/* Begin PBXShellScriptBuildPhase section */
		02F4F51A5A2D305C49C5166C /* [CP] Check Pods Manifest.lock */ = {
			isa = PBXShellScriptBuildPhase;
			buildActionMask = 2147483647;
			files = (
			);
			inputPaths = (
				"${PODS_PODFILE_DIR_PATH}/Podfile.lock",
				"${PODS_ROOT}/Manifest.lock",
			);
			name = "[CP] Check Pods Manifest.lock";
			outputPaths = (
				"$(DERIVED_FILE_DIR)/Pods-SwiftQQ-checkManifestLockResult.txt",
			);
			runOnlyForDeploymentPostprocessing = 0;
			shellPath = /bin/sh;
			shellScript = "diff \"${PODS_PODFILE_DIR_PATH}/Podfile.lock\" \"${PODS_ROOT}/Manifest.lock\" > /dev/null\nif [ $? != 0 ] ; then\n    # print error to STDERR\n    echo \"error: The sandbox is not in sync with the Podfile.lock. Run 'pod install' or update your CocoaPods installation.\" >&2\n    exit 1\nfi\n# This output is used by Xcode 'outputs' to avoid re-running this script phase.\necho \"SUCCESS\" > \"${SCRIPT_OUTPUT_FILE_0}\"\n";
			showEnvVarsInLog = 0;
		};
		694F100AF63E157849E952D1 /* [CP] Copy Pods Resources */ = {
			isa = PBXShellScriptBuildPhase;
			buildActionMask = 2147483647;
			files = (
			);
			inputPaths = (
			);
			name = "[CP] Copy Pods Resources";
			outputPaths = (
			);
			runOnlyForDeploymentPostprocessing = 0;
			shellPath = /bin/sh;
			shellScript = "\"${SRCROOT}/Pods/Target Support Files/Pods-SwiftQQ/Pods-SwiftQQ-resources.sh\"\n";
			showEnvVarsInLog = 0;
		};
		B7FC4F0175B93F3D1267D8D2 /* [CP] Embed Pods Frameworks */ = {
			isa = PBXShellScriptBuildPhase;
			buildActionMask = 2147483647;
			files = (
			);
			inputPaths = (
				"${SRCROOT}/Pods/Target Support Files/Pods-SwiftQQ/Pods-SwiftQQ-frameworks.sh",
				"${BUILT_PRODUCTS_DIR}/SnapKit/SnapKit.framework",
			);
			name = "[CP] Embed Pods Frameworks";
			outputPaths = (
				"${TARGET_BUILD_DIR}/${FRAMEWORKS_FOLDER_PATH}/SnapKit.framework",
			);
			runOnlyForDeploymentPostprocessing = 0;
			shellPath = /bin/sh;
			shellScript = "\"${SRCROOT}/Pods/Target Support Files/Pods-SwiftQQ/Pods-SwiftQQ-frameworks.sh\"\n";
			showEnvVarsInLog = 0;
		};
/* End PBXShellScriptBuildPhase section */

/* Begin PBXSourcesBuildPhase section */
		D8B00AFE20353C9D005F53AD /* Sources */ = {
			isa = PBXSourcesBuildPhase;
			buildActionMask = 2147483647;
			files = (
				D8A835082036E7440074DB72 /* BGImageView.swift in Sources */,
				D8822D682037EE5000B2DA7B /* HoverImageView.swift in Sources */,
				D8AF63B520399E6A00C01956 /* ContactViewController.swift in Sources */,
				D8A835062036D8270074DB72 /* LoginViewController.swift in Sources */,
				D8822D6A20380EFE00B2DA7B /* HoverButton.swift in Sources */,
				D8B00B0820353C9D005F53AD /* ViewController.swift in Sources */,
				D8DC66D92038682B00F8335A /* HomeViewController.swift in Sources */,
				D8AF63BB20399EA700C01956 /* MoreViewController.swift in Sources */,
				D8A8350C2036F6D10074DB72 /* HeadImageView.swift in Sources */,
				D8B00B0620353C9D005F53AD /* AppDelegate.swift in Sources */,
				D8DC66DB2038683D00F8335A /* HomeWindowController.swift in Sources */,
				D8A835042036D80A0074DB72 /* LoginWindowController.swift in Sources */,
				D8AF63B320399E3900C01956 /* MessageViewController.swift in Sources */,
				D8A8350A2036F0880074DB72 /* LoginWindow.swift in Sources */,
			);
			runOnlyForDeploymentPostprocessing = 0;
		};
/* End PBXSourcesBuildPhase section */

/* Begin PBXVariantGroup section */
		D8B00B0B20353C9D005F53AD /* Main.storyboard */ = {
			isa = PBXVariantGroup;
			children = (
				D8B00B0C20353C9D005F53AD /* Base */,
			);
			name = Main.storyboard;
			sourceTree = "<group>";
		};
/* End PBXVariantGroup section */

/* Begin XCBuildConfiguration section */
		D8B00B1020353C9D005F53AD /* Debug */ = {
			isa = XCBuildConfiguration;
			buildSettings = {
				ALWAYS_SEARCH_USER_PATHS = NO;
				CLANG_ANALYZER_NONNULL = YES;
				CLANG_ANALYZER_NUMBER_OBJECT_CONVERSION = YES_AGGRESSIVE;
				CLANG_CXX_LANGUAGE_STANDARD = "gnu++14";
				CLANG_CXX_LIBRARY = "libc++";
				CLANG_ENABLE_MODULES = YES;
				CLANG_ENABLE_OBJC_ARC = YES;
				CLANG_WARN_BLOCK_CAPTURE_AUTORELEASING = YES;
				CLANG_WARN_BOOL_CONVERSION = YES;
				CLANG_WARN_COMMA = YES;
				CLANG_WARN_CONSTANT_CONVERSION = YES;
				CLANG_WARN_DIRECT_OBJC_ISA_USAGE = YES_ERROR;
				CLANG_WARN_DOCUMENTATION_COMMENTS = YES;
				CLANG_WARN_EMPTY_BODY = YES;
				CLANG_WARN_ENUM_CONVERSION = YES;
				CLANG_WARN_INFINITE_RECURSION = YES;
				CLANG_WARN_INT_CONVERSION = YES;
				CLANG_WARN_NON_LITERAL_NULL_CONVERSION = YES;
				CLANG_WARN_OBJC_LITERAL_CONVERSION = YES;
				CLANG_WARN_OBJC_ROOT_CLASS = YES_ERROR;
				CLANG_WARN_RANGE_LOOP_ANALYSIS = YES;
				CLANG_WARN_STRICT_PROTOTYPES = YES;
				CLANG_WARN_SUSPICIOUS_MOVE = YES;
				CLANG_WARN_UNGUARDED_AVAILABILITY = YES_AGGRESSIVE;
				CLANG_WARN_UNREACHABLE_CODE = YES;
				CLANG_WARN__DUPLICATE_METHOD_MATCH = YES;
				CODE_SIGN_IDENTITY = "-";
				COPY_PHASE_STRIP = NO;
				DEBUG_INFORMATION_FORMAT = dwarf;
				ENABLE_STRICT_OBJC_MSGSEND = YES;
				ENABLE_TESTABILITY = YES;
				GCC_C_LANGUAGE_STANDARD = gnu11;
				GCC_DYNAMIC_NO_PIC = NO;
				GCC_NO_COMMON_BLOCKS = YES;
				GCC_OPTIMIZATION_LEVEL = 0;
				GCC_PREPROCESSOR_DEFINITIONS = (
					"DEBUG=1",
					"$(inherited)",
				);
				GCC_WARN_64_TO_32_BIT_CONVERSION = YES;
				GCC_WARN_ABOUT_RETURN_TYPE = YES_ERROR;
				GCC_WARN_UNDECLARED_SELECTOR = YES;
				GCC_WARN_UNINITIALIZED_AUTOS = YES_AGGRESSIVE;
				GCC_WARN_UNUSED_FUNCTION = YES;
				GCC_WARN_UNUSED_VARIABLE = YES;
				MACOSX_DEPLOYMENT_TARGET = 10.13;
				MTL_ENABLE_DEBUG_INFO = YES;
				ONLY_ACTIVE_ARCH = YES;
				SDKROOT = macosx;
				SWIFT_ACTIVE_COMPILATION_CONDITIONS = DEBUG;
				SWIFT_OPTIMIZATION_LEVEL = "-Onone";
			};
			name = Debug;
		};
		D8B00B1120353C9D005F53AD /* Release */ = {
			isa = XCBuildConfiguration;
			buildSettings = {
				ALWAYS_SEARCH_USER_PATHS = NO;
				CLANG_ANALYZER_NONNULL = YES;
				CLANG_ANALYZER_NUMBER_OBJECT_CONVERSION = YES_AGGRESSIVE;
				CLANG_CXX_LANGUAGE_STANDARD = "gnu++14";
				CLANG_CXX_LIBRARY = "libc++";
				CLANG_ENABLE_MODULES = YES;
				CLANG_ENABLE_OBJC_ARC = YES;
				CLANG_WARN_BLOCK_CAPTURE_AUTORELEASING = YES;
				CLANG_WARN_BOOL_CONVERSION = YES;
				CLANG_WARN_COMMA = YES;
				CLANG_WARN_CONSTANT_CONVERSION = YES;
				CLANG_WARN_DIRECT_OBJC_ISA_USAGE = YES_ERROR;
				CLANG_WARN_DOCUMENTATION_COMMENTS = YES;
				CLANG_WARN_EMPTY_BODY = YES;
				CLANG_WARN_ENUM_CONVERSION = YES;
				CLANG_WARN_INFINITE_RECURSION = YES;
				CLANG_WARN_INT_CONVERSION = YES;
				CLANG_WARN_NON_LITERAL_NULL_CONVERSION = YES;
				CLANG_WARN_OBJC_LITERAL_CONVERSION = YES;
				CLANG_WARN_OBJC_ROOT_CLASS = YES_ERROR;
				CLANG_WARN_RANGE_LOOP_ANALYSIS = YES;
				CLANG_WARN_STRICT_PROTOTYPES = YES;
				CLANG_WARN_SUSPICIOUS_MOVE = YES;
				CLANG_WARN_UNGUARDED_AVAILABILITY = YES_AGGRESSIVE;
				CLANG_WARN_UNREACHABLE_CODE = YES;
				CLANG_WARN__DUPLICATE_METHOD_MATCH = YES;
				CODE_SIGN_IDENTITY = "-";
				COPY_PHASE_STRIP = NO;
				DEBUG_INFORMATION_FORMAT = "dwarf-with-dsym";
				ENABLE_NS_ASSERTIONS = NO;
				ENABLE_STRICT_OBJC_MSGSEND = YES;
				GCC_C_LANGUAGE_STANDARD = gnu11;
				GCC_NO_COMMON_BLOCKS = YES;
				GCC_WARN_64_TO_32_BIT_CONVERSION = YES;
				GCC_WARN_ABOUT_RETURN_TYPE = YES_ERROR;
				GCC_WARN_UNDECLARED_SELECTOR = YES;
				GCC_WARN_UNINITIALIZED_AUTOS = YES_AGGRESSIVE;
				GCC_WARN_UNUSED_FUNCTION = YES;
				GCC_WARN_UNUSED_VARIABLE = YES;
				MACOSX_DEPLOYMENT_TARGET = 10.13;
				MTL_ENABLE_DEBUG_INFO = NO;
				SDKROOT = macosx;
				SWIFT_OPTIMIZATION_LEVEL = "-Owholemodule";
			};
			name = Release;
		};
		D8B00B1320353C9D005F53AD /* Debug */ = {
			isa = XCBuildConfiguration;
			baseConfigurationReference = E962D5783B63F821CE9A1168 /* Pods-SwiftQQ.debug.xcconfig */;
			buildSettings = {
				ASSETCATALOG_COMPILER_APPICON_NAME = AppIcon;
				CODE_SIGN_ENTITLEMENTS = SwiftQQ/SwiftQQ.entitlements;
				CODE_SIGN_STYLE = Automatic;
				COMBINE_HIDPI_IMAGES = YES;
				INFOPLIST_FILE = SwiftQQ/Info.plist;
				LD_RUNPATH_SEARCH_PATHS = "$(inherited) @executable_path/../Frameworks";
				PRODUCT_BUNDLE_IDENTIFIER = com.alexiuce.SwiftQQ;
				PRODUCT_NAME = "$(TARGET_NAME)";
				SWIFT_VERSION = 4.0;
			};
			name = Debug;
		};
		D8B00B1420353C9D005F53AD /* Release */ = {
			isa = XCBuildConfiguration;
			baseConfigurationReference = A488EF08E26BC070F364F0E0 /* Pods-SwiftQQ.release.xcconfig */;
			buildSettings = {
				ASSETCATALOG_COMPILER_APPICON_NAME = AppIcon;
				CODE_SIGN_ENTITLEMENTS = SwiftQQ/SwiftQQ.entitlements;
				CODE_SIGN_STYLE = Automatic;
				COMBINE_HIDPI_IMAGES = YES;
				INFOPLIST_FILE = SwiftQQ/Info.plist;
				LD_RUNPATH_SEARCH_PATHS = "$(inherited) @executable_path/../Frameworks";
				PRODUCT_BUNDLE_IDENTIFIER = com.alexiuce.SwiftQQ;
				PRODUCT_NAME = "$(TARGET_NAME)";
				SWIFT_VERSION = 4.0;
			};
			name = Release;
		};
/* End XCBuildConfiguration section */

/* Begin XCConfigurationList section */
		D8B00AFD20353C9D005F53AD /* Build configuration list for PBXProject "SwiftQQ" */ = {
			isa = XCConfigurationList;
			buildConfigurations = (
				D8B00B1020353C9D005F53AD /* Debug */,
				D8B00B1120353C9D005F53AD /* Release */,
			);
			defaultConfigurationIsVisible = 0;
			defaultConfigurationName = Release;
		};
		D8B00B1220353C9D005F53AD /* Build configuration list for PBXNativeTarget "SwiftQQ" */ = {
			isa = XCConfigurationList;
			buildConfigurations = (
				D8B00B1320353C9D005F53AD /* Debug */,
				D8B00B1420353C9D005F53AD /* Release */,
			);
			defaultConfigurationIsVisible = 0;
			defaultConfigurationName = Release;
		};
/* End XCConfigurationList section */
	};
	rootObject = D8B00AFA20353C9D005F53AD /* Project object */;
}
