// !$*UTF8*$!
{
	archiveVersion = 1;
	classes = {
	};
	objectVersion = 48;
	objects = {

/* Begin PBXBuildFile section */
		5640A3382044EED7001FE691 /* Devices.swift in Sources */ = {isa = PBXBuildFile; fileRef = 5640A3372044EED7001FE691 /* Devices.swift */; };
		5640A33A2044F3C7001FE691 /* ShellTask.swift in Sources */ = {isa = PBXBuildFile; fileRef = 5640A3392044F3C7001FE691 /* ShellTask.swift */; };
		5640A33C2045264E001FE691 /* SimuApplication.swift in Sources */ = {isa = PBXBuildFile; fileRef = 5640A33B2045264E001FE691 /* SimuApplication.swift */; };
		5640A33E20452D39001FE691 /* SimuDeviceManager.swift in Sources */ = {isa = PBXBuildFile; fileRef = 5640A33D20452D39001FE691 /* SimuDeviceManager.swift */; };
		5640A340204531CA001FE691 /* SimuPath.swift in Sources */ = {isa = PBXBuildFile; fileRef = 5640A33F204531CA001FE691 /* SimuPath.swift */; };
		5694E7AE2043A2460005B571 /* AppDelegate.swift in Sources */ = {isa = PBXBuildFile; fileRef = 5694E7AD2043A2460005B571 /* AppDelegate.swift */; };
		5694E7B02043A2460005B571 /* Assets.xcassets in Resources */ = {isa = PBXBuildFile; fileRef = 5694E7AF2043A2460005B571 /* Assets.xcassets */; };
		5694E7B32043A2460005B571 /* MainMenu.xib in Resources */ = {isa = PBXBuildFile; fileRef = 5694E7B12043A2460005B571 /* MainMenu.xib */; };
		5694E7BF2043AF5F0005B571 /* ActionTrampline.swift in Sources */ = {isa = PBXBuildFile; fileRef = 5694E7BE2043AF5F0005B571 /* ActionTrampline.swift */; };
		5694E7C22043D1660005B571 /* SLMenu.swift in Sources */ = {isa = PBXBuildFile; fileRef = 5694E7C12043D1660005B571 /* SLMenu.swift */; };
		56961F8D204698E2004C7393 /* preference.storyboard in Resources */ = {isa = PBXBuildFile; fileRef = 56961F8C204698E2004C7393 /* preference.storyboard */; };
		56961F932046ABFB004C7393 /* PreTableViewController.swift in Sources */ = {isa = PBXBuildFile; fileRef = 56961F922046ABFB004C7393 /* PreTableViewController.swift */; };
		56961F952046B225004C7393 /* OneController.swift in Sources */ = {isa = PBXBuildFile; fileRef = 56961F942046B225004C7393 /* OneController.swift */; };
		56961F972046B239004C7393 /* TwoController.swift in Sources */ = {isa = PBXBuildFile; fileRef = 56961F962046B239004C7393 /* TwoController.swift */; };
		56961F9B2047CA3C004C7393 /* PreferenceWindowController.swift in Sources */ = {isa = PBXBuildFile; fileRef = 56961F9A2047CA3C004C7393 /* PreferenceWindowController.swift */; };
		56961F9D2047DA17004C7393 /* MenuManager.swift in Sources */ = {isa = PBXBuildFile; fileRef = 56961F9C2047DA17004C7393 /* MenuManager.swift */; };
		C26656B38D60A5B3DD98B457 /* Pods_SimuLooker.framework in Frameworks */ = {isa = PBXBuildFile; fileRef = F719ACEAB93E4E7B274B3D6D /* Pods_SimuLooker.framework */; };
/* End PBXBuildFile section */

/* Begin PBXFileReference section */
		5640A3372044EED7001FE691 /* Devices.swift */ = {isa = PBXFileReference; lastKnownFileType = sourcecode.swift; path = Devices.swift; sourceTree = "<group>"; };
		5640A3392044F3C7001FE691 /* ShellTask.swift */ = {isa = PBXFileReference; lastKnownFileType = sourcecode.swift; path = ShellTask.swift; sourceTree = "<group>"; };
		5640A33B2045264E001FE691 /* SimuApplication.swift */ = {isa = PBXFileReference; lastKnownFileType = sourcecode.swift; path = SimuApplication.swift; sourceTree = "<group>"; };
		5640A33D20452D39001FE691 /* SimuDeviceManager.swift */ = {isa = PBXFileReference; lastKnownFileType = sourcecode.swift; path = SimuDeviceManager.swift; sourceTree = "<group>"; };
		5640A33F204531CA001FE691 /* SimuPath.swift */ = {isa = PBXFileReference; lastKnownFileType = sourcecode.swift; path = SimuPath.swift; sourceTree = "<group>"; };
		5694E7AA2043A2460005B571 /* SimuLooker.app */ = {isa = PBXFileReference; explicitFileType = wrapper.application; includeInIndex = 0; path = SimuLooker.app; sourceTree = BUILT_PRODUCTS_DIR; };
		5694E7AD2043A2460005B571 /* AppDelegate.swift */ = {isa = PBXFileReference; lastKnownFileType = sourcecode.swift; path = AppDelegate.swift; sourceTree = "<group>"; };
		5694E7AF2043A2460005B571 /* Assets.xcassets */ = {isa = PBXFileReference; lastKnownFileType = folder.assetcatalog; path = Assets.xcassets; sourceTree = "<group>"; };
		5694E7B22043A2460005B571 /* Base */ = {isa = PBXFileReference; lastKnownFileType = file.xib; name = Base; path = Base.lproj/MainMenu.xib; sourceTree = "<group>"; };
		5694E7B42043A2460005B571 /* Info.plist */ = {isa = PBXFileReference; lastKnownFileType = text.plist.xml; path = Info.plist; sourceTree = "<group>"; };
		5694E7B52043A2460005B571 /* SimuLooker.entitlements */ = {isa = PBXFileReference; lastKnownFileType = text.plist.entitlements; path = SimuLooker.entitlements; sourceTree = "<group>"; };
		5694E7BE2043AF5F0005B571 /* ActionTrampline.swift */ = {isa = PBXFileReference; lastKnownFileType = sourcecode.swift; path = ActionTrampline.swift; sourceTree = "<group>"; };
		5694E7C12043D1660005B571 /* SLMenu.swift */ = {isa = PBXFileReference; lastKnownFileType = sourcecode.swift; path = SLMenu.swift; sourceTree = "<group>"; };
		56961F8C204698E2004C7393 /* preference.storyboard */ = {isa = PBXFileReference; lastKnownFileType = file.storyboard; path = preference.storyboard; sourceTree = "<group>"; };
		56961F922046ABFB004C7393 /* PreTableViewController.swift */ = {isa = PBXFileReference; lastKnownFileType = sourcecode.swift; path = PreTableViewController.swift; sourceTree = "<group>"; };
		56961F942046B225004C7393 /* OneController.swift */ = {isa = PBXFileReference; lastKnownFileType = sourcecode.swift; path = OneController.swift; sourceTree = "<group>"; };
		56961F962046B239004C7393 /* TwoController.swift */ = {isa = PBXFileReference; lastKnownFileType = sourcecode.swift; path = TwoController.swift; sourceTree = "<group>"; };
		56961F9A2047CA3C004C7393 /* PreferenceWindowController.swift */ = {isa = PBXFileReference; lastKnownFileType = sourcecode.swift; path = PreferenceWindowController.swift; sourceTree = "<group>"; };
		56961F9C2047DA17004C7393 /* MenuManager.swift */ = {isa = PBXFileReference; lastKnownFileType = sourcecode.swift; path = MenuManager.swift; sourceTree = "<group>"; };
		B545A462D8A3051109925158 /* Pods-SimuLooker.release.xcconfig */ = {isa = PBXFileReference; includeInIndex = 1; lastKnownFileType = text.xcconfig; name = "Pods-SimuLooker.release.xcconfig"; path = "Pods/Target Support Files/Pods-SimuLooker/Pods-SimuLooker.release.xcconfig"; sourceTree = "<group>"; };
		D8969A61DA8AB60BBFDE7D63 /* Pods-SimuLooker.debug.xcconfig */ = {isa = PBXFileReference; includeInIndex = 1; lastKnownFileType = text.xcconfig; name = "Pods-SimuLooker.debug.xcconfig"; path = "Pods/Target Support Files/Pods-SimuLooker/Pods-SimuLooker.debug.xcconfig"; sourceTree = "<group>"; };
		F719ACEAB93E4E7B274B3D6D /* Pods_SimuLooker.framework */ = {isa = PBXFileReference; explicitFileType = wrapper.framework; includeInIndex = 0; path = Pods_SimuLooker.framework; sourceTree = BUILT_PRODUCTS_DIR; };
/* End PBXFileReference section */

/* Begin PBXFrameworksBuildPhase section */
		5694E7A72043A2460005B571 /* Frameworks */ = {
			isa = PBXFrameworksBuildPhase;
			buildActionMask = 2147483647;
			files = (
				C26656B38D60A5B3DD98B457 /* Pods_SimuLooker.framework in Frameworks */,
			);
			runOnlyForDeploymentPostprocessing = 0;
		};
/* End PBXFrameworksBuildPhase section */

/* Begin PBXGroup section */
		067E84FC12928A05CB1EDD88 /* Pods */ = {
			isa = PBXGroup;
			children = (
				D8969A61DA8AB60BBFDE7D63 /* Pods-SimuLooker.debug.xcconfig */,
				B545A462D8A3051109925158 /* Pods-SimuLooker.release.xcconfig */,
			);
			name = Pods;
			sourceTree = "<group>";
		};
		5640A3362044EEB9001FE691 /* Model */ = {
			isa = PBXGroup;
			children = (
				5640A3372044EED7001FE691 /* Devices.swift */,
				5640A33D20452D39001FE691 /* SimuDeviceManager.swift */,
				5640A33B2045264E001FE691 /* SimuApplication.swift */,
			);
			path = Model;
			sourceTree = "<group>";
		};
		5694E7A12043A2460005B571 = {
			isa = PBXGroup;
			children = (
				5694E7AC2043A2460005B571 /* SimuLooker */,
				5694E7AB2043A2460005B571 /* Products */,
				067E84FC12928A05CB1EDD88 /* Pods */,
				B5D69E3BD074C1C31FA98603 /* Frameworks */,
			);
			sourceTree = "<group>";
		};
		5694E7AB2043A2460005B571 /* Products */ = {
			isa = PBXGroup;
			children = (
				5694E7AA2043A2460005B571 /* SimuLooker.app */,
			);
			name = Products;
			sourceTree = "<group>";
		};
		5694E7AC2043A2460005B571 /* SimuLooker */ = {
			isa = PBXGroup;
			children = (
				56961F8B204698BB004C7393 /* PreferenceController */,
				5640A3362044EEB9001FE691 /* Model */,
				5694E7C02043D1330005B571 /* Menu */,
				5694E7BB2043A9EC0005B571 /* ToolKit */,
				5694E7AD2043A2460005B571 /* AppDelegate.swift */,
				5694E7AF2043A2460005B571 /* Assets.xcassets */,
				5694E7B12043A2460005B571 /* MainMenu.xib */,
				5694E7B42043A2460005B571 /* Info.plist */,
				5694E7B52043A2460005B571 /* SimuLooker.entitlements */,
			);
			path = SimuLooker;
			sourceTree = "<group>";
		};
		5694E7BB2043A9EC0005B571 /* ToolKit */ = {
			isa = PBXGroup;
			children = (
				5694E7BE2043AF5F0005B571 /* ActionTrampline.swift */,
				5640A3392044F3C7001FE691 /* ShellTask.swift */,
				5640A33F204531CA001FE691 /* SimuPath.swift */,
			);
			path = ToolKit;
			sourceTree = "<group>";
		};
		5694E7C02043D1330005B571 /* Menu */ = {
			isa = PBXGroup;
			children = (
				5694E7C12043D1660005B571 /* SLMenu.swift */,
				56961F9C2047DA17004C7393 /* MenuManager.swift */,
			);
			path = Menu;
			sourceTree = "<group>";
		};
		56961F8B204698BB004C7393 /* PreferenceController */ = {
			isa = PBXGroup;
			children = (
				56961F8C204698E2004C7393 /* preference.storyboard */,
				56961F922046ABFB004C7393 /* PreTableViewController.swift */,
				56961F9A2047CA3C004C7393 /* PreferenceWindowController.swift */,
				56961F942046B225004C7393 /* OneController.swift */,
				56961F962046B239004C7393 /* TwoController.swift */,
			);
			path = PreferenceController;
			sourceTree = "<group>";
		};
		B5D69E3BD074C1C31FA98603 /* Frameworks */ = {
			isa = PBXGroup;
			children = (
				F719ACEAB93E4E7B274B3D6D /* Pods_SimuLooker.framework */,
			);
			name = Frameworks;
			sourceTree = "<group>";
		};
/* End PBXGroup section */

/* Begin PBXNativeTarget section */
		5694E7A92043A2460005B571 /* SimuLooker */ = {
			isa = PBXNativeTarget;
			buildConfigurationList = 5694E7B82043A2460005B571 /* Build configuration list for PBXNativeTarget "SimuLooker" */;
			buildPhases = (
				14932EFD6B3D96ADB577CFF7 /* [CP] Check Pods Manifest.lock */,
				5694E7A62043A2460005B571 /* Sources */,
				5694E7A72043A2460005B571 /* Frameworks */,
				5694E7A82043A2460005B571 /* Resources */,
				262DF17F77DD1F27484CF55E /* [CP] Embed Pods Frameworks */,
				49CBD3194B61AF31C4927433 /* [CP] Copy Pods Resources */,
			);
			buildRules = (
			);
			dependencies = (
			);
			name = SimuLooker;
			productName = SimuLooker;
			productReference = 5694E7AA2043A2460005B571 /* SimuLooker.app */;
			productType = "com.apple.product-type.application";
		};
/* End PBXNativeTarget section */

/* Begin PBXProject section */
		5694E7A22043A2460005B571 /* Project object */ = {
			isa = PBXProject;
			attributes = {
				LastSwiftUpdateCheck = 0920;
				LastUpgradeCheck = 0920;
				ORGANIZATIONNAME = alexiuce.github.io;
				TargetAttributes = {
					5694E7A92043A2460005B571 = {
						CreatedOnToolsVersion = 9.2;
						ProvisioningStyle = Automatic;
						SystemCapabilities = {
							com.apple.Sandbox = {
								enabled = 0;
							};
						};
					};
				};
			};
			buildConfigurationList = 5694E7A52043A2460005B571 /* Build configuration list for PBXProject "SimuLooker" */;
			compatibilityVersion = "Xcode 8.0";
			developmentRegion = en;
			hasScannedForEncodings = 0;
			knownRegions = (
				en,
				Base,
			);
			mainGroup = 5694E7A12043A2460005B571;
			productRefGroup = 5694E7AB2043A2460005B571 /* Products */;
			projectDirPath = "";
			projectRoot = "";
			targets = (
				5694E7A92043A2460005B571 /* SimuLooker */,
			);
		};
/* End PBXProject section */

/* Begin PBXResourcesBuildPhase section */
		5694E7A82043A2460005B571 /* Resources */ = {
			isa = PBXResourcesBuildPhase;
			buildActionMask = 2147483647;
			files = (
				5694E7B02043A2460005B571 /* Assets.xcassets in Resources */,
				5694E7B32043A2460005B571 /* MainMenu.xib in Resources */,
				56961F8D204698E2004C7393 /* preference.storyboard in Resources */,
			);
			runOnlyForDeploymentPostprocessing = 0;
		};
/* End PBXResourcesBuildPhase section */

/* Begin PBXShellScriptBuildPhase section */
		14932EFD6B3D96ADB577CFF7 /* [CP] Check Pods Manifest.lock */ = {
			isa = PBXShellScriptBuildPhase;
			buildActionMask = 2147483647;
			files = (
			);
			inputPaths = (
				"${PODS_PODFILE_DIR_PATH}/Podfile.lock",
				"${PODS_ROOT}/Manifest.lock",
			);
			name = "[CP] Check Pods Manifest.lock";
			outputPaths = (
				"$(DERIVED_FILE_DIR)/Pods-SimuLooker-checkManifestLockResult.txt",
			);
			runOnlyForDeploymentPostprocessing = 0;
			shellPath = /bin/sh;
			shellScript = "diff \"${PODS_PODFILE_DIR_PATH}/Podfile.lock\" \"${PODS_ROOT}/Manifest.lock\" > /dev/null\nif [ $? != 0 ] ; then\n    # print error to STDERR\n    echo \"error: The sandbox is not in sync with the Podfile.lock. Run 'pod install' or update your CocoaPods installation.\" >&2\n    exit 1\nfi\n# This output is used by Xcode 'outputs' to avoid re-running this script phase.\necho \"SUCCESS\" > \"${SCRIPT_OUTPUT_FILE_0}\"\n";
			showEnvVarsInLog = 0;
		};
		262DF17F77DD1F27484CF55E /* [CP] Embed Pods Frameworks */ = {
			isa = PBXShellScriptBuildPhase;
			buildActionMask = 2147483647;
			files = (
			);
			inputPaths = (
				"${SRCROOT}/Pods/Target Support Files/Pods-SimuLooker/Pods-SimuLooker-frameworks.sh",
				"${BUILT_PRODUCTS_DIR}/SwiftyJSON/SwiftyJSON.framework",
			);
			name = "[CP] Embed Pods Frameworks";
			outputPaths = (
				"${TARGET_BUILD_DIR}/${FRAMEWORKS_FOLDER_PATH}/SwiftyJSON.framework",
			);
			runOnlyForDeploymentPostprocessing = 0;
			shellPath = /bin/sh;
			shellScript = "\"${SRCROOT}/Pods/Target Support Files/Pods-SimuLooker/Pods-SimuLooker-frameworks.sh\"\n";
			showEnvVarsInLog = 0;
		};
		49CBD3194B61AF31C4927433 /* [CP] Copy Pods Resources */ = {
			isa = PBXShellScriptBuildPhase;
			buildActionMask = 2147483647;
			files = (
			);
			inputPaths = (
			);
			name = "[CP] Copy Pods Resources";
			outputPaths = (
			);
			runOnlyForDeploymentPostprocessing = 0;
			shellPath = /bin/sh;
			shellScript = "\"${SRCROOT}/Pods/Target Support Files/Pods-SimuLooker/Pods-SimuLooker-resources.sh\"\n";
			showEnvVarsInLog = 0;
		};
/* End PBXShellScriptBuildPhase section */

/* Begin PBXSourcesBuildPhase section */
		5694E7A62043A2460005B571 /* Sources */ = {
			isa = PBXSourcesBuildPhase;
			buildActionMask = 2147483647;
			files = (
				56961F9B2047CA3C004C7393 /* PreferenceWindowController.swift in Sources */,
				5694E7BF2043AF5F0005B571 /* ActionTrampline.swift in Sources */,
				5640A33E20452D39001FE691 /* SimuDeviceManager.swift in Sources */,
				56961F952046B225004C7393 /* OneController.swift in Sources */,
				5640A33A2044F3C7001FE691 /* ShellTask.swift in Sources */,
				56961F9D2047DA17004C7393 /* MenuManager.swift in Sources */,
				56961F972046B239004C7393 /* TwoController.swift in Sources */,
				56961F932046ABFB004C7393 /* PreTableViewController.swift in Sources */,
				5694E7C22043D1660005B571 /* SLMenu.swift in Sources */,
				5640A340204531CA001FE691 /* SimuPath.swift in Sources */,
				5694E7AE2043A2460005B571 /* AppDelegate.swift in Sources */,
				5640A33C2045264E001FE691 /* SimuApplication.swift in Sources */,
				5640A3382044EED7001FE691 /* Devices.swift in Sources */,
			);
			runOnlyForDeploymentPostprocessing = 0;
		};
/* End PBXSourcesBuildPhase section */

/* Begin PBXVariantGroup section */
		5694E7B12043A2460005B571 /* MainMenu.xib */ = {
			isa = PBXVariantGroup;
			children = (
				5694E7B22043A2460005B571 /* Base */,
			);
			name = MainMenu.xib;
			sourceTree = "<group>";
		};
/* End PBXVariantGroup section */

/* Begin XCBuildConfiguration section */
		5694E7B62043A2460005B571 /* Debug */ = {
			isa = XCBuildConfiguration;
			buildSettings = {
				ALWAYS_SEARCH_USER_PATHS = NO;
				CLANG_ANALYZER_NONNULL = YES;
				CLANG_ANALYZER_NUMBER_OBJECT_CONVERSION = YES_AGGRESSIVE;
				CLANG_CXX_LANGUAGE_STANDARD = "gnu++14";
				CLANG_CXX_LIBRARY = "libc++";
				CLANG_ENABLE_MODULES = YES;
				CLANG_ENABLE_OBJC_ARC = YES;
				CLANG_WARN_BLOCK_CAPTURE_AUTORELEASING = YES;
				CLANG_WARN_BOOL_CONVERSION = YES;
				CLANG_WARN_COMMA = YES;
				CLANG_WARN_CONSTANT_CONVERSION = YES;
				CLANG_WARN_DIRECT_OBJC_ISA_USAGE = YES_ERROR;
				CLANG_WARN_DOCUMENTATION_COMMENTS = YES;
				CLANG_WARN_EMPTY_BODY = YES;
				CLANG_WARN_ENUM_CONVERSION = YES;
				CLANG_WARN_INFINITE_RECURSION = YES;
				CLANG_WARN_INT_CONVERSION = YES;
				CLANG_WARN_NON_LITERAL_NULL_CONVERSION = YES;
				CLANG_WARN_OBJC_LITERAL_CONVERSION = YES;
				CLANG_WARN_OBJC_ROOT_CLASS = YES_ERROR;
				CLANG_WARN_RANGE_LOOP_ANALYSIS = YES;
				CLANG_WARN_STRICT_PROTOTYPES = YES;
				CLANG_WARN_SUSPICIOUS_MOVE = YES;
				CLANG_WARN_UNGUARDED_AVAILABILITY = YES_AGGRESSIVE;
				CLANG_WARN_UNREACHABLE_CODE = YES;
				CLANG_WARN__DUPLICATE_METHOD_MATCH = YES;
				CODE_SIGN_IDENTITY = "-";
				COPY_PHASE_STRIP = NO;
				DEBUG_INFORMATION_FORMAT = dwarf;
				ENABLE_STRICT_OBJC_MSGSEND = YES;
				ENABLE_TESTABILITY = YES;
				GCC_C_LANGUAGE_STANDARD = gnu11;
				GCC_DYNAMIC_NO_PIC = NO;
				GCC_NO_COMMON_BLOCKS = YES;
				GCC_OPTIMIZATION_LEVEL = 0;
				GCC_PREPROCESSOR_DEFINITIONS = (
					"DEBUG=1",
					"$(inherited)",
				);
				GCC_WARN_64_TO_32_BIT_CONVERSION = YES;
				GCC_WARN_ABOUT_RETURN_TYPE = YES_ERROR;
				GCC_WARN_UNDECLARED_SELECTOR = YES;
				GCC_WARN_UNINITIALIZED_AUTOS = YES_AGGRESSIVE;
				GCC_WARN_UNUSED_FUNCTION = YES;
				GCC_WARN_UNUSED_VARIABLE = YES;
				MACOSX_DEPLOYMENT_TARGET = 10.13;
				MTL_ENABLE_DEBUG_INFO = YES;
				ONLY_ACTIVE_ARCH = YES;
				SDKROOT = macosx;
				SWIFT_ACTIVE_COMPILATION_CONDITIONS = DEBUG;
				SWIFT_OPTIMIZATION_LEVEL = "-Onone";
			};
			name = Debug;
		};
		5694E7B72043A2460005B571 /* Release */ = {
			isa = XCBuildConfiguration;
			buildSettings = {
				ALWAYS_SEARCH_USER_PATHS = NO;
				CLANG_ANALYZER_NONNULL = YES;
				CLANG_ANALYZER_NUMBER_OBJECT_CONVERSION = YES_AGGRESSIVE;
				CLANG_CXX_LANGUAGE_STANDARD = "gnu++14";
				CLANG_CXX_LIBRARY = "libc++";
				CLANG_ENABLE_MODULES = YES;
				CLANG_ENABLE_OBJC_ARC = YES;
				CLANG_WARN_BLOCK_CAPTURE_AUTORELEASING = YES;
				CLANG_WARN_BOOL_CONVERSION = YES;
				CLANG_WARN_COMMA = YES;
				CLANG_WARN_CONSTANT_CONVERSION = YES;
				CLANG_WARN_DIRECT_OBJC_ISA_USAGE = YES_ERROR;
				CLANG_WARN_DOCUMENTATION_COMMENTS = YES;
				CLANG_WARN_EMPTY_BODY = YES;
				CLANG_WARN_ENUM_CONVERSION = YES;
				CLANG_WARN_INFINITE_RECURSION = YES;
				CLANG_WARN_INT_CONVERSION = YES;
				CLANG_WARN_NON_LITERAL_NULL_CONVERSION = YES;
				CLANG_WARN_OBJC_LITERAL_CONVERSION = YES;
				CLANG_WARN_OBJC_ROOT_CLASS = YES_ERROR;
				CLANG_WARN_RANGE_LOOP_ANALYSIS = YES;
				CLANG_WARN_STRICT_PROTOTYPES = YES;
				CLANG_WARN_SUSPICIOUS_MOVE = YES;
				CLANG_WARN_UNGUARDED_AVAILABILITY = YES_AGGRESSIVE;
				CLANG_WARN_UNREACHABLE_CODE = YES;
				CLANG_WARN__DUPLICATE_METHOD_MATCH = YES;
				CODE_SIGN_IDENTITY = "-";
				COPY_PHASE_STRIP = NO;
				DEBUG_INFORMATION_FORMAT = "dwarf-with-dsym";
				ENABLE_NS_ASSERTIONS = NO;
				ENABLE_STRICT_OBJC_MSGSEND = YES;
				GCC_C_LANGUAGE_STANDARD = gnu11;
				GCC_NO_COMMON_BLOCKS = YES;
				GCC_WARN_64_TO_32_BIT_CONVERSION = YES;
				GCC_WARN_ABOUT_RETURN_TYPE = YES_ERROR;
				GCC_WARN_UNDECLARED_SELECTOR = YES;
				GCC_WARN_UNINITIALIZED_AUTOS = YES_AGGRESSIVE;
				GCC_WARN_UNUSED_FUNCTION = YES;
				GCC_WARN_UNUSED_VARIABLE = YES;
				MACOSX_DEPLOYMENT_TARGET = 10.13;
				MTL_ENABLE_DEBUG_INFO = NO;
				SDKROOT = macosx;
				SWIFT_OPTIMIZATION_LEVEL = "-Owholemodule";
			};
			name = Release;
		};
		5694E7B92043A2460005B571 /* Debug */ = {
			isa = XCBuildConfiguration;
			baseConfigurationReference = D8969A61DA8AB60BBFDE7D63 /* Pods-SimuLooker.debug.xcconfig */;
			buildSettings = {
				ASSETCATALOG_COMPILER_APPICON_NAME = AppIcon;
				CODE_SIGN_STYLE = Automatic;
				COMBINE_HIDPI_IMAGES = YES;
				INFOPLIST_FILE = SimuLooker/Info.plist;
				LD_RUNPATH_SEARCH_PATHS = "$(inherited) @executable_path/../Frameworks";
				PRODUCT_BUNDLE_IDENTIFIER = alexiuce.SimuLooker;
				PRODUCT_NAME = "$(TARGET_NAME)";
				SWIFT_VERSION = 4.0;
			};
			name = Debug;
		};
		5694E7BA2043A2460005B571 /* Release */ = {
			isa = XCBuildConfiguration;
			baseConfigurationReference = B545A462D8A3051109925158 /* Pods-SimuLooker.release.xcconfig */;
			buildSettings = {
				ASSETCATALOG_COMPILER_APPICON_NAME = AppIcon;
				CODE_SIGN_STYLE = Automatic;
				COMBINE_HIDPI_IMAGES = YES;
				INFOPLIST_FILE = SimuLooker/Info.plist;
				LD_RUNPATH_SEARCH_PATHS = "$(inherited) @executable_path/../Frameworks";
				PRODUCT_BUNDLE_IDENTIFIER = alexiuce.SimuLooker;
				PRODUCT_NAME = "$(TARGET_NAME)";
				SWIFT_VERSION = 4.0;
			};
			name = Release;
		};
/* End XCBuildConfiguration section */

/* Begin XCConfigurationList section */
		5694E7A52043A2460005B571 /* Build configuration list for PBXProject "SimuLooker" */ = {
			isa = XCConfigurationList;
			buildConfigurations = (
				5694E7B62043A2460005B571 /* Debug */,
				5694E7B72043A2460005B571 /* Release */,
			);
			defaultConfigurationIsVisible = 0;
			defaultConfigurationName = Release;
		};
		5694E7B82043A2460005B571 /* Build configuration list for PBXNativeTarget "SimuLooker" */ = {
			isa = XCConfigurationList;
			buildConfigurations = (
				5694E7B92043A2460005B571 /* Debug */,
				5694E7BA2043A2460005B571 /* Release */,
			);
			defaultConfigurationIsVisible = 0;
			defaultConfigurationName = Release;
		};
/* End XCConfigurationList section */
	};
	rootObject = 5694E7A22043A2460005B571 /* Project object */;
}
